
Microsoft Visual Studio Solution File, Format Version 12.00
# Visual Studio 15
VisualStudioVersion = 15.0.28307.489
MinimumVisualStudioVersion = 10.0.40219.1
Project("{FAE04EC0-301F-11D3-BF4B-00C04F79EFBC}") = "DiscordCore.App", "DiscordCore.App\DiscordCore.App.csproj", "{C30AE210-15BA-4AE9-A8C2-5A6098DEEDA6}"
EndProject
Global
	GlobalSection(SolutionConfigurationPlatforms) = preSolution
		Debug|Any CPU = Debug|Any CPU
		Release|Any CPU = Release|Any CPU
	EndGlobalSection
	GlobalSection(ProjectConfigurationPlatforms) = postSolution
		{C30AE210-15BA-4AE9-A8C2-5A6098DEEDA6}.Debug|Any CPU.ActiveCfg = Debug|Any CPU
		{C30AE210-15BA-4AE9-A8C2-5A6098DEEDA6}.Debug|Any CPU.Build.0 = Debug|Any CPU
		{C30AE210-15BA-4AE9-A8C2-5A6098DEEDA6}.Release|Any CPU.ActiveCfg = Release|Any CPU
		{C30AE210-15BA-4AE9-A8C2-5A6098DEEDA6}.Release|Any CPU.Build.0 = Release|Any CPU
	EndGlobalSection
	GlobalSection(SolutionProperties) = preSolution
		HideSolutionNode = FALSE
	EndGlobalSection
	GlobalSection(ExtensibilityGlobals) = postSolution
		SolutionGuid = {7DF67956-7E72-443F-B9C6-92A46435DE97}
	EndGlobalSection
EndGlobal
